
Microsoft Visual Studio Solution File, Format Version 12.00
# Visual Studio Version 17
VisualStudioVersion = 17.7.34031.279
MinimumVisualStudioVersion = 10.0.40219.1
Project("{FAE04EC0-301F-11D3-BF4B-00C04F79EFBC}") = "AusWalk.API", "AusWalk.API.csproj", "{CE06D6E3-D9F1-40E4-A8D5-5501D47F5A83}"
EndProject
Global
	GlobalSection(SolutionConfigurationPlatforms) = preSolution
		Debug|Any CPU = Debug|Any CPU
		Release|Any CPU = Release|Any CPU
	EndGlobalSection
	GlobalSection(ProjectConfigurationPlatforms) = postSolution
		{CE06D6E3-D9F1-40E4-A8D5-5501D47F5A83}.Debug|Any CPU.ActiveCfg = Debug|Any CPU
		{CE06D6E3-D9F1-40E4-A8D5-5501D47F5A83}.Debug|Any CPU.Build.0 = Debug|Any CPU
		{CE06D6E3-D9F1-40E4-A8D5-5501D47F5A83}.Release|Any CPU.ActiveCfg = Release|Any CPU
		{CE06D6E3-D9F1-40E4-A8D5-5501D47F5A83}.Release|Any CPU.Build.0 = Release|Any CPU
	EndGlobalSection
	GlobalSection(SolutionProperties) = preSolution
		HideSolutionNode = FALSE
	EndGlobalSection
	GlobalSection(ExtensibilityGlobals) = postSolution
		SolutionGuid = {7B25AD78-488E-4386-B9A8-F7332E24EDB4}
	EndGlobalSection
EndGlobal
